
Microsoft Visual Studio Solution File, Format Version 12.00
# Visual Studio Version 17
VisualStudioVersion = 17.2.32616.157
MinimumVisualStudioVersion = 10.0.40219.1
Project("{FAE04EC0-301F-11D3-BF4B-00C04F79EFBC}") = "BankApp", "BankApp.csproj", "{08C0CC4E-74C5-45C7-9516-D7E5C8769AFD}"
EndProject
Global
	GlobalSection(SolutionConfigurationPlatforms) = preSolution
		Debug|Any CPU = Debug|Any CPU
		Release|Any CPU = Release|Any CPU
	EndGlobalSection
	GlobalSection(ProjectConfigurationPlatforms) = postSolution
		{08C0CC4E-74C5-45C7-9516-D7E5C8769AFD}.Debug|Any CPU.ActiveCfg = Debug|Any CPU
		{08C0CC4E-74C5-45C7-9516-D7E5C8769AFD}.Debug|Any CPU.Build.0 = Debug|Any CPU
		{08C0CC4E-74C5-45C7-9516-D7E5C8769AFD}.Release|Any CPU.ActiveCfg = Release|Any CPU
		{08C0CC4E-74C5-45C7-9516-D7E5C8769AFD}.Release|Any CPU.Build.0 = Release|Any CPU
	EndGlobalSection
	GlobalSection(SolutionProperties) = preSolution
		HideSolutionNode = FALSE
	EndGlobalSection
	GlobalSection(ExtensibilityGlobals) = postSolution
		SolutionGuid = {FFA11667-E01E-43EA-A5B3-22E28C11997D}
	EndGlobalSection
EndGlobal
